
Microsoft Visual Studio Solution File, Format Version 12.00
# Visual Studio Version 16
VisualStudioVersion = 16.0.809.6
MinimumVisualStudioVersion = 10.0.40219.1
Project("{FAE04EC0-301F-11D3-BF4B-00C04F79EFBC}") = "CSharpSection", "CSharpSection\CSharpSection.csproj", "{AC9CC0D0-40EB-4A10-A271-D2C7F3A30820}"
EndProject
Global
	GlobalSection(SolutionConfigurationPlatforms) = preSolution
		Debug|Any CPU = Debug|Any CPU
		Release|Any CPU = Release|Any CPU
	EndGlobalSection
	GlobalSection(ProjectConfigurationPlatforms) = postSolution
		{AC9CC0D0-40EB-4A10-A271-D2C7F3A30820}.Debug|Any CPU.ActiveCfg = Debug|Any CPU
		{AC9CC0D0-40EB-4A10-A271-D2C7F3A30820}.Debug|Any CPU.Build.0 = Debug|Any CPU
		{AC9CC0D0-40EB-4A10-A271-D2C7F3A30820}.Release|Any CPU.ActiveCfg = Release|Any CPU
		{AC9CC0D0-40EB-4A10-A271-D2C7F3A30820}.Release|Any CPU.Build.0 = Release|Any CPU
	EndGlobalSection
	GlobalSection(SolutionProperties) = preSolution
		HideSolutionNode = FALSE
	EndGlobalSection
	GlobalSection(ExtensibilityGlobals) = postSolution
		SolutionGuid = {5A5F6F2A-A390-4DCE-89FE-FF3B93BF8492}
	EndGlobalSection
EndGlobal
